
Microsoft Visual Studio Solution File, Format Version 12.00
# Visual Studio Version 17
VisualStudioVersion = 17.7.34031.279
MinimumVisualStudioVersion = 10.0.40219.1
Project("{FAE04EC0-301F-11D3-BF4B-00C04F79EFBC}") = "AdventOfCode2023", "AdventOfCode2023\AdventOfCode2023.csproj", "{6312B506-1531-4384-8BD4-B8BE97AD87E6}"
EndProject
Project("{FAE04EC0-301F-11D3-BF4B-00C04F79EFBC}") = "Utilities", "Utilities\Utilities.csproj", "{67215C9A-621F-4B00-996D-A76309EDC009}"
EndProject
Project("{FAE04EC0-301F-11D3-BF4B-00C04F79EFBC}") = "AdventOfCode2022", "AdventOfCode2022\AdventOfCode2022.csproj", "{4A8232D4-5826-426C-9AF5-D798896B3AC0}"
EndProject
Global
	GlobalSection(SolutionConfigurationPlatforms) = preSolution
		Debug|Any CPU = Debug|Any CPU
		Release|Any CPU = Release|Any CPU
	EndGlobalSection
	GlobalSection(ProjectConfigurationPlatforms) = postSolution
		{6312B506-1531-4384-8BD4-B8BE97AD87E6}.Debug|Any CPU.ActiveCfg = Debug|Any CPU
		{6312B506-1531-4384-8BD4-B8BE97AD87E6}.Debug|Any CPU.Build.0 = Debug|Any CPU
		{6312B506-1531-4384-8BD4-B8BE97AD87E6}.Release|Any CPU.ActiveCfg = Release|Any CPU
		{6312B506-1531-4384-8BD4-B8BE97AD87E6}.Release|Any CPU.Build.0 = Release|Any CPU
		{67215C9A-621F-4B00-996D-A76309EDC009}.Debug|Any CPU.ActiveCfg = Debug|Any CPU
		{67215C9A-621F-4B00-996D-A76309EDC009}.Debug|Any CPU.Build.0 = Debug|Any CPU
		{67215C9A-621F-4B00-996D-A76309EDC009}.Release|Any CPU.ActiveCfg = Release|Any CPU
		{67215C9A-621F-4B00-996D-A76309EDC009}.Release|Any CPU.Build.0 = Release|Any CPU
		{4A8232D4-5826-426C-9AF5-D798896B3AC0}.Debug|Any CPU.ActiveCfg = Debug|Any CPU
		{4A8232D4-5826-426C-9AF5-D798896B3AC0}.Debug|Any CPU.Build.0 = Debug|Any CPU
		{4A8232D4-5826-426C-9AF5-D798896B3AC0}.Release|Any CPU.ActiveCfg = Release|Any CPU
		{4A8232D4-5826-426C-9AF5-D798896B3AC0}.Release|Any CPU.Build.0 = Release|Any CPU
	EndGlobalSection
	GlobalSection(SolutionProperties) = preSolution
		HideSolutionNode = FALSE
	EndGlobalSection
	GlobalSection(ExtensibilityGlobals) = postSolution
		SolutionGuid = {4DF35A17-63AB-4A28-BF3F-E701AFD520EE}
	EndGlobalSection
EndGlobal
