
Microsoft Visual Studio Solution File, Format Version 12.00
# Visual Studio Version 16
VisualStudioVersion = 16.0.31605.320
MinimumVisualStudioVersion = 10.0.40219.1
Project("{FAE04EC0-301F-11D3-BF4B-00C04F79EFBC}") = "AdventOfCode", "AdventOfCode\AdventOfCode.csproj", "{1EE5FDCE-5FF2-43C9-AD79-9EE827403AE7}"
EndProject
Global
	GlobalSection(SolutionConfigurationPlatforms) = preSolution
		Debug|Any CPU = Debug|Any CPU
		Release|Any CPU = Release|Any CPU
	EndGlobalSection
	GlobalSection(ProjectConfigurationPlatforms) = postSolution
		{1EE5FDCE-5FF2-43C9-AD79-9EE827403AE7}.Debug|Any CPU.ActiveCfg = Debug|Any CPU
		{1EE5FDCE-5FF2-43C9-AD79-9EE827403AE7}.Debug|Any CPU.Build.0 = Debug|Any CPU
		{1EE5FDCE-5FF2-43C9-AD79-9EE827403AE7}.Release|Any CPU.ActiveCfg = Release|Any CPU
		{1EE5FDCE-5FF2-43C9-AD79-9EE827403AE7}.Release|Any CPU.Build.0 = Release|Any CPU
	EndGlobalSection
	GlobalSection(SolutionProperties) = preSolution
		HideSolutionNode = FALSE
	EndGlobalSection
	GlobalSection(ExtensibilityGlobals) = postSolution
		SolutionGuid = {4DF35A17-63AB-4A28-BF3F-E701AFD520EE}
	EndGlobalSection
EndGlobal
